
Microsoft Visual Studio Solution File, Format Version 12.00
# Visual Studio 15
VisualStudioVersion = 15.0.27703.2018
MinimumVisualStudioVersion = 10.0.40219.1
Project("{FAE04EC0-301F-11D3-BF4B-00C04F79EFBC}") = "GranaCurtaWeb", "GranaCurtaWeb\GranaCurtaWeb.csproj", "{968DC831-BFB0-45BB-82D3-83DC6957476E}"
EndProject
Project("{FAE04EC0-301F-11D3-BF4B-00C04F79EFBC}") = "GranaCurtaDAL", "GranaCurtaDAL\GranaCurtaDAL.csproj", "{F80D36B8-965A-4AED-88BF-393542571BA0}"
EndProject
Global
	GlobalSection(SolutionConfigurationPlatforms) = preSolution
		Debug|Any CPU = Debug|Any CPU
		Release|Any CPU = Release|Any CPU
	EndGlobalSection
	GlobalSection(ProjectConfigurationPlatforms) = postSolution
		{968DC831-BFB0-45BB-82D3-83DC6957476E}.Debug|Any CPU.ActiveCfg = Debug|Any CPU
		{968DC831-BFB0-45BB-82D3-83DC6957476E}.Debug|Any CPU.Build.0 = Debug|Any CPU
		{968DC831-BFB0-45BB-82D3-83DC6957476E}.Release|Any CPU.ActiveCfg = Release|Any CPU
		{968DC831-BFB0-45BB-82D3-83DC6957476E}.Release|Any CPU.Build.0 = Release|Any CPU
		{F80D36B8-965A-4AED-88BF-393542571BA0}.Debug|Any CPU.ActiveCfg = Debug|Any CPU
		{F80D36B8-965A-4AED-88BF-393542571BA0}.Debug|Any CPU.Build.0 = Debug|Any CPU
		{F80D36B8-965A-4AED-88BF-393542571BA0}.Release|Any CPU.ActiveCfg = Release|Any CPU
		{F80D36B8-965A-4AED-88BF-393542571BA0}.Release|Any CPU.Build.0 = Release|Any CPU
	EndGlobalSection
	GlobalSection(SolutionProperties) = preSolution
		HideSolutionNode = FALSE
	EndGlobalSection
	GlobalSection(ExtensibilityGlobals) = postSolution
		SolutionGuid = {47DE752E-544B-4AA9-8425-E15ABAD8B035}
	EndGlobalSection
EndGlobal
